
Microsoft Visual Studio Solution File, Format Version 12.00
# Visual Studio Version 17
VisualStudioVersion = 17.13.35818.85
MinimumVisualStudioVersion = 10.0.40219.1
Project("{FAE04EC0-301F-11D3-BF4B-00C04F79EFBC}") = "RealCalculator", "RealCalculator\RealCalculator.csproj", "{AE281FE1-CD57-45C7-8A08-582C9E57ABC5}"
EndProject
Project("{FAE04EC0-301F-11D3-BF4B-00C04F79EFBC}") = "AverageNumber", "AverageNumber\AverageNumber.csproj", "{A49FD0DF-E70F-424A-89E4-31EC0E49E508}"
EndProject
Project("{FAE04EC0-301F-11D3-BF4B-00C04F79EFBC}") = "SwapNumbers", "SwapNumbers\SwapNumbers.csproj", "{A4A08EF5-7D37-4371-8749-23ECB1928BA7}"
EndProject
Project("{FAE04EC0-301F-11D3-BF4B-00C04F79EFBC}") = "Bonus-Tasks", "Bonus-Tasks\Bonus-Tasks.csproj", "{FC013CEC-63AB-4367-8310-99938A59F224}"
EndProject
Project("{FAE04EC0-301F-11D3-BF4B-00C04F79EFBC}") = "User-birthday", "User-birthday\User-birthday.csproj", "{10D45B3B-163C-4CF3-AF30-142B69166608}"
EndProject
Project("{FAE04EC0-301F-11D3-BF4B-00C04F79EFBC}") = "Task From Class", "Task From Class\Task From Class.csproj", "{764A5F63-10E3-49BF-A086-4A56CDF29C9F}"
EndProject
Project("{FAE04EC0-301F-11D3-BF4B-00C04F79EFBC}") = "Car-Rasing-Homework", "Car-Rasing-Homework\Car-Rasing-Homework.csproj", "{2C62E488-8ED9-48D8-A1F4-CFB2528744F1}"
EndProject
Project("{FAE04EC0-301F-11D3-BF4B-00C04F79EFBC}") = "Task-1-Inheritance", "Task-1-Inheritance\Task-1-Inheritance.csproj", "{0825CB67-E931-4E40-A760-659F2C13F249}"
EndProject
Project("{FAE04EC0-301F-11D3-BF4B-00C04F79EFBC}") = "Task-2-Inheritancee", "Task-2-Inheritancee\Task-2-Inheritancee.csproj", "{475B9959-E62E-4575-8259-E5680352D77E}"
EndProject
Global
	GlobalSection(SolutionConfigurationPlatforms) = preSolution
		Debug|Any CPU = Debug|Any CPU
		Release|Any CPU = Release|Any CPU
	EndGlobalSection
	GlobalSection(ProjectConfigurationPlatforms) = postSolution
		{AE281FE1-CD57-45C7-8A08-582C9E57ABC5}.Debug|Any CPU.ActiveCfg = Debug|Any CPU
		{AE281FE1-CD57-45C7-8A08-582C9E57ABC5}.Debug|Any CPU.Build.0 = Debug|Any CPU
		{AE281FE1-CD57-45C7-8A08-582C9E57ABC5}.Release|Any CPU.ActiveCfg = Release|Any CPU
		{AE281FE1-CD57-45C7-8A08-582C9E57ABC5}.Release|Any CPU.Build.0 = Release|Any CPU
		{A49FD0DF-E70F-424A-89E4-31EC0E49E508}.Debug|Any CPU.ActiveCfg = Debug|Any CPU
		{A49FD0DF-E70F-424A-89E4-31EC0E49E508}.Debug|Any CPU.Build.0 = Debug|Any CPU
		{A49FD0DF-E70F-424A-89E4-31EC0E49E508}.Release|Any CPU.ActiveCfg = Release|Any CPU
		{A49FD0DF-E70F-424A-89E4-31EC0E49E508}.Release|Any CPU.Build.0 = Release|Any CPU
		{A4A08EF5-7D37-4371-8749-23ECB1928BA7}.Debug|Any CPU.ActiveCfg = Debug|Any CPU
		{A4A08EF5-7D37-4371-8749-23ECB1928BA7}.Debug|Any CPU.Build.0 = Debug|Any CPU
		{A4A08EF5-7D37-4371-8749-23ECB1928BA7}.Release|Any CPU.ActiveCfg = Release|Any CPU
		{A4A08EF5-7D37-4371-8749-23ECB1928BA7}.Release|Any CPU.Build.0 = Release|Any CPU
		{FC013CEC-63AB-4367-8310-99938A59F224}.Debug|Any CPU.ActiveCfg = Debug|Any CPU
		{FC013CEC-63AB-4367-8310-99938A59F224}.Debug|Any CPU.Build.0 = Debug|Any CPU
		{FC013CEC-63AB-4367-8310-99938A59F224}.Release|Any CPU.ActiveCfg = Release|Any CPU
		{FC013CEC-63AB-4367-8310-99938A59F224}.Release|Any CPU.Build.0 = Release|Any CPU
		{10D45B3B-163C-4CF3-AF30-142B69166608}.Debug|Any CPU.ActiveCfg = Debug|Any CPU
		{10D45B3B-163C-4CF3-AF30-142B69166608}.Debug|Any CPU.Build.0 = Debug|Any CPU
		{10D45B3B-163C-4CF3-AF30-142B69166608}.Release|Any CPU.ActiveCfg = Release|Any CPU
		{10D45B3B-163C-4CF3-AF30-142B69166608}.Release|Any CPU.Build.0 = Release|Any CPU
		{764A5F63-10E3-49BF-A086-4A56CDF29C9F}.Debug|Any CPU.ActiveCfg = Debug|Any CPU
		{764A5F63-10E3-49BF-A086-4A56CDF29C9F}.Debug|Any CPU.Build.0 = Debug|Any CPU
		{764A5F63-10E3-49BF-A086-4A56CDF29C9F}.Release|Any CPU.ActiveCfg = Release|Any CPU
		{764A5F63-10E3-49BF-A086-4A56CDF29C9F}.Release|Any CPU.Build.0 = Release|Any CPU
		{2C62E488-8ED9-48D8-A1F4-CFB2528744F1}.Debug|Any CPU.ActiveCfg = Debug|Any CPU
		{2C62E488-8ED9-48D8-A1F4-CFB2528744F1}.Debug|Any CPU.Build.0 = Debug|Any CPU
		{2C62E488-8ED9-48D8-A1F4-CFB2528744F1}.Release|Any CPU.ActiveCfg = Release|Any CPU
		{2C62E488-8ED9-48D8-A1F4-CFB2528744F1}.Release|Any CPU.Build.0 = Release|Any CPU
		{0825CB67-E931-4E40-A760-659F2C13F249}.Debug|Any CPU.ActiveCfg = Debug|Any CPU
		{0825CB67-E931-4E40-A760-659F2C13F249}.Debug|Any CPU.Build.0 = Debug|Any CPU
		{0825CB67-E931-4E40-A760-659F2C13F249}.Release|Any CPU.ActiveCfg = Release|Any CPU
		{0825CB67-E931-4E40-A760-659F2C13F249}.Release|Any CPU.Build.0 = Release|Any CPU
		{475B9959-E62E-4575-8259-E5680352D77E}.Debug|Any CPU.ActiveCfg = Debug|Any CPU
		{475B9959-E62E-4575-8259-E5680352D77E}.Debug|Any CPU.Build.0 = Debug|Any CPU
		{475B9959-E62E-4575-8259-E5680352D77E}.Release|Any CPU.ActiveCfg = Release|Any CPU
		{475B9959-E62E-4575-8259-E5680352D77E}.Release|Any CPU.Build.0 = Release|Any CPU
	EndGlobalSection
	GlobalSection(SolutionProperties) = preSolution
		HideSolutionNode = FALSE
	EndGlobalSection
	GlobalSection(ExtensibilityGlobals) = postSolution
		SolutionGuid = {A46C1921-5A55-4A87-8616-10AEED9DD761}
	EndGlobalSection
EndGlobal
